
Microsoft Visual Studio Solution File, Format Version 12.00
# Visual Studio Version 17
VisualStudioVersion = 17.14.36301.6
MinimumVisualStudioVersion = 10.0.40219.1
Project("{FAE04EC0-301F-11D3-BF4B-00C04F79EFBC}") = "LRC", "LRC\LRC.csproj", "{A7732533-6960-4AA0-A574-1E6215134B85}"
EndProject
Project("{FAE04EC0-301F-11D3-BF4B-00C04F79EFBC}") = "Xbox.Live.Phone.Utils", "Xbox.Live.Phone.Utils\Xbox.Live.Phone.Utils.csproj", "{95502CEB-A450-4880-B46D-74A2EF857837}"
EndProject
Project("{FAE04EC0-301F-11D3-BF4B-00C04F79EFBC}") = "Xbox.Live.Phone.Services", "Xbox.Live.Phone.Services\Xbox.Live.Phone.Services.csproj", "{25B0AB17-5655-408F-B58D-92D8111F82C1}"
EndProject
Project("{FAE04EC0-301F-11D3-BF4B-00C04F79EFBC}") = "PhonePerformance", "PhonePerformance\PhonePerformance.csproj", "{61CD61E4-A1F8-44CE-B011-0A5B8FEBD511}"
EndProject
Project("{FAE04EC0-301F-11D3-BF4B-00C04F79EFBC}") = "Microsoft.XMedia.EventLink.Client.WinPhone", "Microsoft.XMedia.EventLink.Client.WinPhone\Microsoft.XMedia.EventLink.Client.WinPhone.csproj", "{41BB6591-08F0-4E1F-801C-E52BE6E5BB6F}"
EndProject
Project("{FAE04EC0-301F-11D3-BF4B-00C04F79EFBC}") = "Microsoft.Xmedia.Client.WindowsPhone.ServiceProxy", "Microsoft.Xmedia.Client.WindowsPhone.ServiceProxy\Microsoft.Xmedia.Client.WindowsPhone.ServiceProxy.csproj", "{50A8072B-56F1-49F9-BD75-CCDEF48AB87A}"
EndProject
Project("{FAE04EC0-301F-11D3-BF4B-00C04F79EFBC}") = "Microsoft.Xmedia.Client.WindowsPhone.Interface", "Microsoft.Xmedia.Client.WindowsPhone.Interface\Microsoft.Xmedia.Client.WindowsPhone.Interface.csproj", "{11A58FE5-1626-4C9E-8639-A2BF65815F0A}"
EndProject
Project("{FAE04EC0-301F-11D3-BF4B-00C04F79EFBC}") = "Microsoft.XboxLive.Avatars.MathLib", "Microsoft.XboxLive.Avatars.MathLib\Microsoft.XboxLive.Avatars.MathLib.csproj", "{43821192-4B6C-4AA4-B321-EC91506E164D}"
EndProject
Project("{FAE04EC0-301F-11D3-BF4B-00C04F79EFBC}") = "Microsoft.XboxLive.Avatars.Editing", "Microsoft.XboxLive.Avatars.Editing\Microsoft.XboxLive.Avatars.Editing.csproj", "{0A30E5B1-3EAF-4FA1-9C3A-3C25DD56AE21}"
EndProject
Project("{FAE04EC0-301F-11D3-BF4B-00C04F79EFBC}") = "Microsoft.XboxLive.Avatars", "Microsoft.XboxLive.Avatars\Microsoft.XboxLive.Avatars.csproj", "{567E9804-3A30-4871-B927-FB4B38D81331}"
EndProject
Project("{FAE04EC0-301F-11D3-BF4B-00C04F79EFBC}") = "Microsoft.Phone.Avatar.Marketplace.Silverlight", "Microsoft.Phone.Avatar.Marketplace.Silverlight\Microsoft.Phone.Avatar.Marketplace.Silverlight.csproj", "{80FCCE19-03E6-4761-952D-1557A3592D9A}"
EndProject
Project("{FAE04EC0-301F-11D3-BF4B-00C04F79EFBC}") = "LRC.ViewModel", "LRC.ViewModel\LRC.ViewModel.csproj", "{8C99F777-F868-42A0-8D5A-4873F3F895C6}"
EndProject
Project("{FAE04EC0-301F-11D3-BF4B-00C04F79EFBC}") = "LRC.Session", "LRC.Session\LRC.Session.csproj", "{214BB417-FC13-41A2-973C-DB003E18C6F9}"
EndProject
Project("{FAE04EC0-301F-11D3-BF4B-00C04F79EFBC}") = "LRC.Service", "LRC.Service\LRC.Service.csproj", "{593478A7-4D30-42C8-BDF8-C4C4C2418876}"
EndProject
Project("{FAE04EC0-301F-11D3-BF4B-00C04F79EFBC}") = "LRC.Resource", "LRC.Resource\LRC.Resource.csproj", "{92ED1ABA-4DF0-4593-A5F2-5179C14F473D}"
EndProject
Project("{FAE04EC0-301F-11D3-BF4B-00C04F79EFBC}") = "LRC.LocalSubnet", "LRC.LocalSubnet\LRC.LocalSubnet.csproj", "{2E413DE6-31B1-4D07-B2BC-6EFC5F0488CC}"
EndProject
Project("{FAE04EC0-301F-11D3-BF4B-00C04F79EFBC}") = "AppMeasurement_Silverlight_WP", "AppMeasurement_Silverlight_WP\AppMeasurement_Silverlight_WP.csproj", "{23FF5E31-AFC4-4BFF-B0C3-4AFDC73ED40D}"
EndProject
Project("{FAE04EC0-301F-11D3-BF4B-00C04F79EFBC}") = "API.Contracts.WinPhone", "API.Contracts.WinPhone\API.Contracts.WinPhone.csproj", "{712FA6EB-5892-4FD7-B472-3C41846CC6CC}"
EndProject
Global
	GlobalSection(SolutionConfigurationPlatforms) = preSolution
		Debug|ARM = Debug|ARM
		Debug|ARM64 = Debug|ARM64
		Debug|x64 = Debug|x64
		Debug|x86 = Debug|x86
		Release|ARM = Release|ARM
		Release|ARM64 = Release|ARM64
		Release|x64 = Release|x64
		Release|x86 = Release|x86
	EndGlobalSection
	GlobalSection(ProjectConfigurationPlatforms) = postSolution
		{A7732533-6960-4AA0-A574-1E6215134B85}.Debug|ARM.ActiveCfg = Debug|ARM
		{A7732533-6960-4AA0-A574-1E6215134B85}.Debug|ARM.Build.0 = Debug|ARM
		{A7732533-6960-4AA0-A574-1E6215134B85}.Debug|ARM.Deploy.0 = Debug|ARM
		{A7732533-6960-4AA0-A574-1E6215134B85}.Debug|ARM64.ActiveCfg = Debug|ARM64
		{A7732533-6960-4AA0-A574-1E6215134B85}.Debug|ARM64.Build.0 = Debug|ARM64
		{A7732533-6960-4AA0-A574-1E6215134B85}.Debug|ARM64.Deploy.0 = Debug|ARM64
		{A7732533-6960-4AA0-A574-1E6215134B85}.Debug|x64.ActiveCfg = Debug|x64
		{A7732533-6960-4AA0-A574-1E6215134B85}.Debug|x64.Build.0 = Debug|x64
		{A7732533-6960-4AA0-A574-1E6215134B85}.Debug|x64.Deploy.0 = Debug|x64
		{A7732533-6960-4AA0-A574-1E6215134B85}.Debug|x86.ActiveCfg = Debug|x86
		{A7732533-6960-4AA0-A574-1E6215134B85}.Debug|x86.Build.0 = Debug|x86
		{A7732533-6960-4AA0-A574-1E6215134B85}.Debug|x86.Deploy.0 = Debug|x86
		{A7732533-6960-4AA0-A574-1E6215134B85}.Release|ARM.ActiveCfg = Release|ARM
		{A7732533-6960-4AA0-A574-1E6215134B85}.Release|ARM.Build.0 = Release|ARM
		{A7732533-6960-4AA0-A574-1E6215134B85}.Release|ARM.Deploy.0 = Release|ARM
		{A7732533-6960-4AA0-A574-1E6215134B85}.Release|ARM64.ActiveCfg = Release|ARM64
		{A7732533-6960-4AA0-A574-1E6215134B85}.Release|ARM64.Build.0 = Release|ARM64
		{A7732533-6960-4AA0-A574-1E6215134B85}.Release|ARM64.Deploy.0 = Release|ARM64
		{A7732533-6960-4AA0-A574-1E6215134B85}.Release|x64.ActiveCfg = Release|x64
		{A7732533-6960-4AA0-A574-1E6215134B85}.Release|x64.Build.0 = Release|x64
		{A7732533-6960-4AA0-A574-1E6215134B85}.Release|x64.Deploy.0 = Release|x64
		{A7732533-6960-4AA0-A574-1E6215134B85}.Release|x86.ActiveCfg = Release|x86
		{A7732533-6960-4AA0-A574-1E6215134B85}.Release|x86.Build.0 = Release|x86
		{A7732533-6960-4AA0-A574-1E6215134B85}.Release|x86.Deploy.0 = Release|x86
		{95502CEB-A450-4880-B46D-74A2EF857837}.Debug|ARM.ActiveCfg = Debug|ARM
		{95502CEB-A450-4880-B46D-74A2EF857837}.Debug|ARM.Build.0 = Debug|ARM
		{95502CEB-A450-4880-B46D-74A2EF857837}.Debug|ARM64.ActiveCfg = Debug|ARM64
		{95502CEB-A450-4880-B46D-74A2EF857837}.Debug|ARM64.Build.0 = Debug|ARM64
		{95502CEB-A450-4880-B46D-74A2EF857837}.Debug|x64.ActiveCfg = Debug|x64
		{95502CEB-A450-4880-B46D-74A2EF857837}.Debug|x64.Build.0 = Debug|x64
		{95502CEB-A450-4880-B46D-74A2EF857837}.Debug|x86.ActiveCfg = Debug|x86
		{95502CEB-A450-4880-B46D-74A2EF857837}.Debug|x86.Build.0 = Debug|x86
		{95502CEB-A450-4880-B46D-74A2EF857837}.Release|ARM.ActiveCfg = Release|ARM
		{95502CEB-A450-4880-B46D-74A2EF857837}.Release|ARM.Build.0 = Release|ARM
		{95502CEB-A450-4880-B46D-74A2EF857837}.Release|ARM64.ActiveCfg = Release|ARM64
		{95502CEB-A450-4880-B46D-74A2EF857837}.Release|ARM64.Build.0 = Release|ARM64
		{95502CEB-A450-4880-B46D-74A2EF857837}.Release|x64.ActiveCfg = Release|x64
		{95502CEB-A450-4880-B46D-74A2EF857837}.Release|x64.Build.0 = Release|x64
		{95502CEB-A450-4880-B46D-74A2EF857837}.Release|x86.ActiveCfg = Release|x86
		{95502CEB-A450-4880-B46D-74A2EF857837}.Release|x86.Build.0 = Release|x86
		{25B0AB17-5655-408F-B58D-92D8111F82C1}.Debug|ARM.ActiveCfg = Debug|ARM
		{25B0AB17-5655-408F-B58D-92D8111F82C1}.Debug|ARM.Build.0 = Debug|ARM
		{25B0AB17-5655-408F-B58D-92D8111F82C1}.Debug|ARM64.ActiveCfg = Debug|ARM64
		{25B0AB17-5655-408F-B58D-92D8111F82C1}.Debug|ARM64.Build.0 = Debug|ARM64
		{25B0AB17-5655-408F-B58D-92D8111F82C1}.Debug|x64.ActiveCfg = Debug|x64
		{25B0AB17-5655-408F-B58D-92D8111F82C1}.Debug|x64.Build.0 = Debug|x64
		{25B0AB17-5655-408F-B58D-92D8111F82C1}.Debug|x86.ActiveCfg = Debug|x86
		{25B0AB17-5655-408F-B58D-92D8111F82C1}.Debug|x86.Build.0 = Debug|x86
		{25B0AB17-5655-408F-B58D-92D8111F82C1}.Release|ARM.ActiveCfg = Release|ARM
		{25B0AB17-5655-408F-B58D-92D8111F82C1}.Release|ARM.Build.0 = Release|ARM
		{25B0AB17-5655-408F-B58D-92D8111F82C1}.Release|ARM64.ActiveCfg = Release|ARM64
		{25B0AB17-5655-408F-B58D-92D8111F82C1}.Release|ARM64.Build.0 = Release|ARM64
		{25B0AB17-5655-408F-B58D-92D8111F82C1}.Release|x64.ActiveCfg = Release|x64
		{25B0AB17-5655-408F-B58D-92D8111F82C1}.Release|x64.Build.0 = Release|x64
		{25B0AB17-5655-408F-B58D-92D8111F82C1}.Release|x86.ActiveCfg = Release|x86
		{25B0AB17-5655-408F-B58D-92D8111F82C1}.Release|x86.Build.0 = Release|x86
		{61CD61E4-A1F8-44CE-B011-0A5B8FEBD511}.Debug|ARM.ActiveCfg = Debug|ARM
		{61CD61E4-A1F8-44CE-B011-0A5B8FEBD511}.Debug|ARM.Build.0 = Debug|ARM
		{61CD61E4-A1F8-44CE-B011-0A5B8FEBD511}.Debug|ARM64.ActiveCfg = Debug|ARM64
		{61CD61E4-A1F8-44CE-B011-0A5B8FEBD511}.Debug|ARM64.Build.0 = Debug|ARM64
		{61CD61E4-A1F8-44CE-B011-0A5B8FEBD511}.Debug|x64.ActiveCfg = Debug|x64
		{61CD61E4-A1F8-44CE-B011-0A5B8FEBD511}.Debug|x64.Build.0 = Debug|x64
		{61CD61E4-A1F8-44CE-B011-0A5B8FEBD511}.Debug|x86.ActiveCfg = Debug|x86
		{61CD61E4-A1F8-44CE-B011-0A5B8FEBD511}.Debug|x86.Build.0 = Debug|x86
		{61CD61E4-A1F8-44CE-B011-0A5B8FEBD511}.Release|ARM.ActiveCfg = Release|ARM
		{61CD61E4-A1F8-44CE-B011-0A5B8FEBD511}.Release|ARM.Build.0 = Release|ARM
		{61CD61E4-A1F8-44CE-B011-0A5B8FEBD511}.Release|ARM64.ActiveCfg = Release|ARM64
		{61CD61E4-A1F8-44CE-B011-0A5B8FEBD511}.Release|ARM64.Build.0 = Release|ARM64
		{61CD61E4-A1F8-44CE-B011-0A5B8FEBD511}.Release|x64.ActiveCfg = Release|x64
		{61CD61E4-A1F8-44CE-B011-0A5B8FEBD511}.Release|x64.Build.0 = Release|x64
		{61CD61E4-A1F8-44CE-B011-0A5B8FEBD511}.Release|x86.ActiveCfg = Release|x86
		{61CD61E4-A1F8-44CE-B011-0A5B8FEBD511}.Release|x86.Build.0 = Release|x86
		{41BB6591-08F0-4E1F-801C-E52BE6E5BB6F}.Debug|ARM.ActiveCfg = Debug|ARM
		{41BB6591-08F0-4E1F-801C-E52BE6E5BB6F}.Debug|ARM.Build.0 = Debug|ARM
		{41BB6591-08F0-4E1F-801C-E52BE6E5BB6F}.Debug|ARM64.ActiveCfg = Debug|ARM64
		{41BB6591-08F0-4E1F-801C-E52BE6E5BB6F}.Debug|ARM64.Build.0 = Debug|ARM64
		{41BB6591-08F0-4E1F-801C-E52BE6E5BB6F}.Debug|x64.ActiveCfg = Debug|x64
		{41BB6591-08F0-4E1F-801C-E52BE6E5BB6F}.Debug|x64.Build.0 = Debug|x64
		{41BB6591-08F0-4E1F-801C-E52BE6E5BB6F}.Debug|x86.ActiveCfg = Debug|x86
		{41BB6591-08F0-4E1F-801C-E52BE6E5BB6F}.Debug|x86.Build.0 = Debug|x86
		{41BB6591-08F0-4E1F-801C-E52BE6E5BB6F}.Release|ARM.ActiveCfg = Release|ARM
		{41BB6591-08F0-4E1F-801C-E52BE6E5BB6F}.Release|ARM.Build.0 = Release|ARM
		{41BB6591-08F0-4E1F-801C-E52BE6E5BB6F}.Release|ARM64.ActiveCfg = Release|ARM64
		{41BB6591-08F0-4E1F-801C-E52BE6E5BB6F}.Release|ARM64.Build.0 = Release|ARM64
		{41BB6591-08F0-4E1F-801C-E52BE6E5BB6F}.Release|x64.ActiveCfg = Release|x64
		{41BB6591-08F0-4E1F-801C-E52BE6E5BB6F}.Release|x64.Build.0 = Release|x64
		{41BB6591-08F0-4E1F-801C-E52BE6E5BB6F}.Release|x86.ActiveCfg = Release|x86
		{41BB6591-08F0-4E1F-801C-E52BE6E5BB6F}.Release|x86.Build.0 = Release|x86
		{50A8072B-56F1-49F9-BD75-CCDEF48AB87A}.Debug|ARM.ActiveCfg = Debug|ARM
		{50A8072B-56F1-49F9-BD75-CCDEF48AB87A}.Debug|ARM.Build.0 = Debug|ARM
		{50A8072B-56F1-49F9-BD75-CCDEF48AB87A}.Debug|ARM64.ActiveCfg = Debug|ARM64
		{50A8072B-56F1-49F9-BD75-CCDEF48AB87A}.Debug|ARM64.Build.0 = Debug|ARM64
		{50A8072B-56F1-49F9-BD75-CCDEF48AB87A}.Debug|x64.ActiveCfg = Debug|x64
		{50A8072B-56F1-49F9-BD75-CCDEF48AB87A}.Debug|x64.Build.0 = Debug|x64
		{50A8072B-56F1-49F9-BD75-CCDEF48AB87A}.Debug|x86.ActiveCfg = Debug|x86
		{50A8072B-56F1-49F9-BD75-CCDEF48AB87A}.Debug|x86.Build.0 = Debug|x86
		{50A8072B-56F1-49F9-BD75-CCDEF48AB87A}.Release|ARM.ActiveCfg = Release|ARM
		{50A8072B-56F1-49F9-BD75-CCDEF48AB87A}.Release|ARM.Build.0 = Release|ARM
		{50A8072B-56F1-49F9-BD75-CCDEF48AB87A}.Release|ARM64.ActiveCfg = Release|ARM64
		{50A8072B-56F1-49F9-BD75-CCDEF48AB87A}.Release|ARM64.Build.0 = Release|ARM64
		{50A8072B-56F1-49F9-BD75-CCDEF48AB87A}.Release|x64.ActiveCfg = Release|x64
		{50A8072B-56F1-49F9-BD75-CCDEF48AB87A}.Release|x64.Build.0 = Release|x64
		{50A8072B-56F1-49F9-BD75-CCDEF48AB87A}.Release|x86.ActiveCfg = Release|x86
		{50A8072B-56F1-49F9-BD75-CCDEF48AB87A}.Release|x86.Build.0 = Release|x86
		{11A58FE5-1626-4C9E-8639-A2BF65815F0A}.Debug|ARM.ActiveCfg = Debug|ARM
		{11A58FE5-1626-4C9E-8639-A2BF65815F0A}.Debug|ARM.Build.0 = Debug|ARM
		{11A58FE5-1626-4C9E-8639-A2BF65815F0A}.Debug|ARM64.ActiveCfg = Debug|ARM64
		{11A58FE5-1626-4C9E-8639-A2BF65815F0A}.Debug|ARM64.Build.0 = Debug|ARM64
		{11A58FE5-1626-4C9E-8639-A2BF65815F0A}.Debug|x64.ActiveCfg = Debug|x64
		{11A58FE5-1626-4C9E-8639-A2BF65815F0A}.Debug|x64.Build.0 = Debug|x64
		{11A58FE5-1626-4C9E-8639-A2BF65815F0A}.Debug|x86.ActiveCfg = Debug|x86
		{11A58FE5-1626-4C9E-8639-A2BF65815F0A}.Debug|x86.Build.0 = Debug|x86
		{11A58FE5-1626-4C9E-8639-A2BF65815F0A}.Release|ARM.ActiveCfg = Release|ARM
		{11A58FE5-1626-4C9E-8639-A2BF65815F0A}.Release|ARM.Build.0 = Release|ARM
		{11A58FE5-1626-4C9E-8639-A2BF65815F0A}.Release|ARM64.ActiveCfg = Release|ARM64
		{11A58FE5-1626-4C9E-8639-A2BF65815F0A}.Release|ARM64.Build.0 = Release|ARM64
		{11A58FE5-1626-4C9E-8639-A2BF65815F0A}.Release|x64.ActiveCfg = Release|x64
		{11A58FE5-1626-4C9E-8639-A2BF65815F0A}.Release|x64.Build.0 = Release|x64
		{11A58FE5-1626-4C9E-8639-A2BF65815F0A}.Release|x86.ActiveCfg = Release|x86
		{11A58FE5-1626-4C9E-8639-A2BF65815F0A}.Release|x86.Build.0 = Release|x86
		{43821192-4B6C-4AA4-B321-EC91506E164D}.Debug|ARM.ActiveCfg = Debug|ARM
		{43821192-4B6C-4AA4-B321-EC91506E164D}.Debug|ARM.Build.0 = Debug|ARM
		{43821192-4B6C-4AA4-B321-EC91506E164D}.Debug|ARM64.ActiveCfg = Debug|ARM64
		{43821192-4B6C-4AA4-B321-EC91506E164D}.Debug|ARM64.Build.0 = Debug|ARM64
		{43821192-4B6C-4AA4-B321-EC91506E164D}.Debug|x64.ActiveCfg = Debug|x64
		{43821192-4B6C-4AA4-B321-EC91506E164D}.Debug|x64.Build.0 = Debug|x64
		{43821192-4B6C-4AA4-B321-EC91506E164D}.Debug|x86.ActiveCfg = Debug|x86
		{43821192-4B6C-4AA4-B321-EC91506E164D}.Debug|x86.Build.0 = Debug|x86
		{43821192-4B6C-4AA4-B321-EC91506E164D}.Release|ARM.ActiveCfg = Release|ARM
		{43821192-4B6C-4AA4-B321-EC91506E164D}.Release|ARM.Build.0 = Release|ARM
		{43821192-4B6C-4AA4-B321-EC91506E164D}.Release|ARM64.ActiveCfg = Release|ARM64
		{43821192-4B6C-4AA4-B321-EC91506E164D}.Release|ARM64.Build.0 = Release|ARM64
		{43821192-4B6C-4AA4-B321-EC91506E164D}.Release|x64.ActiveCfg = Release|x64
		{43821192-4B6C-4AA4-B321-EC91506E164D}.Release|x64.Build.0 = Release|x64
		{43821192-4B6C-4AA4-B321-EC91506E164D}.Release|x86.ActiveCfg = Release|x86
		{43821192-4B6C-4AA4-B321-EC91506E164D}.Release|x86.Build.0 = Release|x86
		{0A30E5B1-3EAF-4FA1-9C3A-3C25DD56AE21}.Debug|ARM.ActiveCfg = Debug|ARM
		{0A30E5B1-3EAF-4FA1-9C3A-3C25DD56AE21}.Debug|ARM.Build.0 = Debug|ARM
		{0A30E5B1-3EAF-4FA1-9C3A-3C25DD56AE21}.Debug|ARM64.ActiveCfg = Debug|ARM64
		{0A30E5B1-3EAF-4FA1-9C3A-3C25DD56AE21}.Debug|ARM64.Build.0 = Debug|ARM64
		{0A30E5B1-3EAF-4FA1-9C3A-3C25DD56AE21}.Debug|x64.ActiveCfg = Debug|x64
		{0A30E5B1-3EAF-4FA1-9C3A-3C25DD56AE21}.Debug|x64.Build.0 = Debug|x64
		{0A30E5B1-3EAF-4FA1-9C3A-3C25DD56AE21}.Debug|x86.ActiveCfg = Debug|x86
		{0A30E5B1-3EAF-4FA1-9C3A-3C25DD56AE21}.Debug|x86.Build.0 = Debug|x86
		{0A30E5B1-3EAF-4FA1-9C3A-3C25DD56AE21}.Release|ARM.ActiveCfg = Release|ARM
		{0A30E5B1-3EAF-4FA1-9C3A-3C25DD56AE21}.Release|ARM.Build.0 = Release|ARM
		{0A30E5B1-3EAF-4FA1-9C3A-3C25DD56AE21}.Release|ARM64.ActiveCfg = Release|ARM64
		{0A30E5B1-3EAF-4FA1-9C3A-3C25DD56AE21}.Release|ARM64.Build.0 = Release|ARM64
		{0A30E5B1-3EAF-4FA1-9C3A-3C25DD56AE21}.Release|x64.ActiveCfg = Release|x64
		{0A30E5B1-3EAF-4FA1-9C3A-3C25DD56AE21}.Release|x64.Build.0 = Release|x64
		{0A30E5B1-3EAF-4FA1-9C3A-3C25DD56AE21}.Release|x86.ActiveCfg = Release|x86
		{0A30E5B1-3EAF-4FA1-9C3A-3C25DD56AE21}.Release|x86.Build.0 = Release|x86
		{567E9804-3A30-4871-B927-FB4B38D81331}.Debug|ARM.ActiveCfg = Debug|ARM
		{567E9804-3A30-4871-B927-FB4B38D81331}.Debug|ARM.Build.0 = Debug|ARM
		{567E9804-3A30-4871-B927-FB4B38D81331}.Debug|ARM64.ActiveCfg = Debug|ARM64
		{567E9804-3A30-4871-B927-FB4B38D81331}.Debug|ARM64.Build.0 = Debug|ARM64
		{567E9804-3A30-4871-B927-FB4B38D81331}.Debug|x64.ActiveCfg = Debug|x64
		{567E9804-3A30-4871-B927-FB4B38D81331}.Debug|x64.Build.0 = Debug|x64
		{567E9804-3A30-4871-B927-FB4B38D81331}.Debug|x86.ActiveCfg = Debug|x86
		{567E9804-3A30-4871-B927-FB4B38D81331}.Debug|x86.Build.0 = Debug|x86
		{567E9804-3A30-4871-B927-FB4B38D81331}.Release|ARM.ActiveCfg = Release|ARM
		{567E9804-3A30-4871-B927-FB4B38D81331}.Release|ARM.Build.0 = Release|ARM
		{567E9804-3A30-4871-B927-FB4B38D81331}.Release|ARM64.ActiveCfg = Release|ARM64
		{567E9804-3A30-4871-B927-FB4B38D81331}.Release|ARM64.Build.0 = Release|ARM64
		{567E9804-3A30-4871-B927-FB4B38D81331}.Release|x64.ActiveCfg = Release|x64
		{567E9804-3A30-4871-B927-FB4B38D81331}.Release|x64.Build.0 = Release|x64
		{567E9804-3A30-4871-B927-FB4B38D81331}.Release|x86.ActiveCfg = Release|x86
		{567E9804-3A30-4871-B927-FB4B38D81331}.Release|x86.Build.0 = Release|x86
		{80FCCE19-03E6-4761-952D-1557A3592D9A}.Debug|ARM.ActiveCfg = Debug|ARM
		{80FCCE19-03E6-4761-952D-1557A3592D9A}.Debug|ARM.Build.0 = Debug|ARM
		{80FCCE19-03E6-4761-952D-1557A3592D9A}.Debug|ARM64.ActiveCfg = Debug|ARM64
		{80FCCE19-03E6-4761-952D-1557A3592D9A}.Debug|ARM64.Build.0 = Debug|ARM64
		{80FCCE19-03E6-4761-952D-1557A3592D9A}.Debug|x64.ActiveCfg = Debug|x64
		{80FCCE19-03E6-4761-952D-1557A3592D9A}.Debug|x64.Build.0 = Debug|x64
		{80FCCE19-03E6-4761-952D-1557A3592D9A}.Debug|x86.ActiveCfg = Debug|x86
		{80FCCE19-03E6-4761-952D-1557A3592D9A}.Debug|x86.Build.0 = Debug|x86
		{80FCCE19-03E6-4761-952D-1557A3592D9A}.Release|ARM.ActiveCfg = Release|ARM
		{80FCCE19-03E6-4761-952D-1557A3592D9A}.Release|ARM.Build.0 = Release|ARM
		{80FCCE19-03E6-4761-952D-1557A3592D9A}.Release|ARM64.ActiveCfg = Release|ARM64
		{80FCCE19-03E6-4761-952D-1557A3592D9A}.Release|ARM64.Build.0 = Release|ARM64
		{80FCCE19-03E6-4761-952D-1557A3592D9A}.Release|x64.ActiveCfg = Release|x64
		{80FCCE19-03E6-4761-952D-1557A3592D9A}.Release|x64.Build.0 = Release|x64
		{80FCCE19-03E6-4761-952D-1557A3592D9A}.Release|x86.ActiveCfg = Release|x86
		{80FCCE19-03E6-4761-952D-1557A3592D9A}.Release|x86.Build.0 = Release|x86
		{8C99F777-F868-42A0-8D5A-4873F3F895C6}.Debug|ARM.ActiveCfg = Debug|ARM
		{8C99F777-F868-42A0-8D5A-4873F3F895C6}.Debug|ARM.Build.0 = Debug|ARM
		{8C99F777-F868-42A0-8D5A-4873F3F895C6}.Debug|ARM64.ActiveCfg = Debug|ARM64
		{8C99F777-F868-42A0-8D5A-4873F3F895C6}.Debug|ARM64.Build.0 = Debug|ARM64
		{8C99F777-F868-42A0-8D5A-4873F3F895C6}.Debug|x64.ActiveCfg = Debug|x64
		{8C99F777-F868-42A0-8D5A-4873F3F895C6}.Debug|x64.Build.0 = Debug|x64
		{8C99F777-F868-42A0-8D5A-4873F3F895C6}.Debug|x86.ActiveCfg = Debug|x86
		{8C99F777-F868-42A0-8D5A-4873F3F895C6}.Debug|x86.Build.0 = Debug|x86
		{8C99F777-F868-42A0-8D5A-4873F3F895C6}.Release|ARM.ActiveCfg = Release|ARM
		{8C99F777-F868-42A0-8D5A-4873F3F895C6}.Release|ARM.Build.0 = Release|ARM
		{8C99F777-F868-42A0-8D5A-4873F3F895C6}.Release|ARM64.ActiveCfg = Release|ARM64
		{8C99F777-F868-42A0-8D5A-4873F3F895C6}.Release|ARM64.Build.0 = Release|ARM64
		{8C99F777-F868-42A0-8D5A-4873F3F895C6}.Release|x64.ActiveCfg = Release|x64
		{8C99F777-F868-42A0-8D5A-4873F3F895C6}.Release|x64.Build.0 = Release|x64
		{8C99F777-F868-42A0-8D5A-4873F3F895C6}.Release|x86.ActiveCfg = Release|x86
		{8C99F777-F868-42A0-8D5A-4873F3F895C6}.Release|x86.Build.0 = Release|x86
		{214BB417-FC13-41A2-973C-DB003E18C6F9}.Debug|ARM.ActiveCfg = Debug|ARM
		{214BB417-FC13-41A2-973C-DB003E18C6F9}.Debug|ARM.Build.0 = Debug|ARM
		{214BB417-FC13-41A2-973C-DB003E18C6F9}.Debug|ARM64.ActiveCfg = Debug|ARM64
		{214BB417-FC13-41A2-973C-DB003E18C6F9}.Debug|ARM64.Build.0 = Debug|ARM64
		{214BB417-FC13-41A2-973C-DB003E18C6F9}.Debug|x64.ActiveCfg = Debug|x64
		{214BB417-FC13-41A2-973C-DB003E18C6F9}.Debug|x64.Build.0 = Debug|x64
		{214BB417-FC13-41A2-973C-DB003E18C6F9}.Debug|x86.ActiveCfg = Debug|x86
		{214BB417-FC13-41A2-973C-DB003E18C6F9}.Debug|x86.Build.0 = Debug|x86
		{214BB417-FC13-41A2-973C-DB003E18C6F9}.Release|ARM.ActiveCfg = Release|ARM
		{214BB417-FC13-41A2-973C-DB003E18C6F9}.Release|ARM.Build.0 = Release|ARM
		{214BB417-FC13-41A2-973C-DB003E18C6F9}.Release|ARM64.ActiveCfg = Release|ARM64
		{214BB417-FC13-41A2-973C-DB003E18C6F9}.Release|ARM64.Build.0 = Release|ARM64
		{214BB417-FC13-41A2-973C-DB003E18C6F9}.Release|x64.ActiveCfg = Release|x64
		{214BB417-FC13-41A2-973C-DB003E18C6F9}.Release|x64.Build.0 = Release|x64
		{214BB417-FC13-41A2-973C-DB003E18C6F9}.Release|x86.ActiveCfg = Release|x86
		{214BB417-FC13-41A2-973C-DB003E18C6F9}.Release|x86.Build.0 = Release|x86
		{593478A7-4D30-42C8-BDF8-C4C4C2418876}.Debug|ARM.ActiveCfg = Debug|ARM
		{593478A7-4D30-42C8-BDF8-C4C4C2418876}.Debug|ARM.Build.0 = Debug|ARM
		{593478A7-4D30-42C8-BDF8-C4C4C2418876}.Debug|ARM64.ActiveCfg = Debug|ARM64
		{593478A7-4D30-42C8-BDF8-C4C4C2418876}.Debug|ARM64.Build.0 = Debug|ARM64
		{593478A7-4D30-42C8-BDF8-C4C4C2418876}.Debug|x64.ActiveCfg = Debug|x64
		{593478A7-4D30-42C8-BDF8-C4C4C2418876}.Debug|x64.Build.0 = Debug|x64
		{593478A7-4D30-42C8-BDF8-C4C4C2418876}.Debug|x86.ActiveCfg = Debug|x86
		{593478A7-4D30-42C8-BDF8-C4C4C2418876}.Debug|x86.Build.0 = Debug|x86
		{593478A7-4D30-42C8-BDF8-C4C4C2418876}.Release|ARM.ActiveCfg = Release|ARM
		{593478A7-4D30-42C8-BDF8-C4C4C2418876}.Release|ARM.Build.0 = Release|ARM
		{593478A7-4D30-42C8-BDF8-C4C4C2418876}.Release|ARM64.ActiveCfg = Release|ARM64
		{593478A7-4D30-42C8-BDF8-C4C4C2418876}.Release|ARM64.Build.0 = Release|ARM64
		{593478A7-4D30-42C8-BDF8-C4C4C2418876}.Release|x64.ActiveCfg = Release|x64
		{593478A7-4D30-42C8-BDF8-C4C4C2418876}.Release|x64.Build.0 = Release|x64
		{593478A7-4D30-42C8-BDF8-C4C4C2418876}.Release|x86.ActiveCfg = Release|x86
		{593478A7-4D30-42C8-BDF8-C4C4C2418876}.Release|x86.Build.0 = Release|x86
		{92ED1ABA-4DF0-4593-A5F2-5179C14F473D}.Debug|ARM.ActiveCfg = Debug|ARM
		{92ED1ABA-4DF0-4593-A5F2-5179C14F473D}.Debug|ARM.Build.0 = Debug|ARM
		{92ED1ABA-4DF0-4593-A5F2-5179C14F473D}.Debug|ARM64.ActiveCfg = Debug|ARM64
		{92ED1ABA-4DF0-4593-A5F2-5179C14F473D}.Debug|ARM64.Build.0 = Debug|ARM64
		{92ED1ABA-4DF0-4593-A5F2-5179C14F473D}.Debug|x64.ActiveCfg = Debug|x64
		{92ED1ABA-4DF0-4593-A5F2-5179C14F473D}.Debug|x64.Build.0 = Debug|x64
		{92ED1ABA-4DF0-4593-A5F2-5179C14F473D}.Debug|x86.ActiveCfg = Debug|x86
		{92ED1ABA-4DF0-4593-A5F2-5179C14F473D}.Debug|x86.Build.0 = Debug|x86
		{92ED1ABA-4DF0-4593-A5F2-5179C14F473D}.Release|ARM.ActiveCfg = Release|ARM
		{92ED1ABA-4DF0-4593-A5F2-5179C14F473D}.Release|ARM.Build.0 = Release|ARM
		{92ED1ABA-4DF0-4593-A5F2-5179C14F473D}.Release|ARM64.ActiveCfg = Release|ARM64
		{92ED1ABA-4DF0-4593-A5F2-5179C14F473D}.Release|ARM64.Build.0 = Release|ARM64
		{92ED1ABA-4DF0-4593-A5F2-5179C14F473D}.Release|x64.ActiveCfg = Release|x64
		{92ED1ABA-4DF0-4593-A5F2-5179C14F473D}.Release|x64.Build.0 = Release|x64
		{92ED1ABA-4DF0-4593-A5F2-5179C14F473D}.Release|x86.ActiveCfg = Release|x86
		{92ED1ABA-4DF0-4593-A5F2-5179C14F473D}.Release|x86.Build.0 = Release|x86
		{2E413DE6-31B1-4D07-B2BC-6EFC5F0488CC}.Debug|ARM.ActiveCfg = Debug|ARM
		{2E413DE6-31B1-4D07-B2BC-6EFC5F0488CC}.Debug|ARM.Build.0 = Debug|ARM
		{2E413DE6-31B1-4D07-B2BC-6EFC5F0488CC}.Debug|ARM64.ActiveCfg = Debug|ARM64
		{2E413DE6-31B1-4D07-B2BC-6EFC5F0488CC}.Debug|ARM64.Build.0 = Debug|ARM64
		{2E413DE6-31B1-4D07-B2BC-6EFC5F0488CC}.Debug|x64.ActiveCfg = Debug|x64
		{2E413DE6-31B1-4D07-B2BC-6EFC5F0488CC}.Debug|x64.Build.0 = Debug|x64
		{2E413DE6-31B1-4D07-B2BC-6EFC5F0488CC}.Debug|x86.ActiveCfg = Debug|x86
		{2E413DE6-31B1-4D07-B2BC-6EFC5F0488CC}.Debug|x86.Build.0 = Debug|x86
		{2E413DE6-31B1-4D07-B2BC-6EFC5F0488CC}.Release|ARM.ActiveCfg = Release|ARM
		{2E413DE6-31B1-4D07-B2BC-6EFC5F0488CC}.Release|ARM.Build.0 = Release|ARM
		{2E413DE6-31B1-4D07-B2BC-6EFC5F0488CC}.Release|ARM64.ActiveCfg = Release|ARM64
		{2E413DE6-31B1-4D07-B2BC-6EFC5F0488CC}.Release|ARM64.Build.0 = Release|ARM64
		{2E413DE6-31B1-4D07-B2BC-6EFC5F0488CC}.Release|x64.ActiveCfg = Release|x64
		{2E413DE6-31B1-4D07-B2BC-6EFC5F0488CC}.Release|x64.Build.0 = Release|x64
		{2E413DE6-31B1-4D07-B2BC-6EFC5F0488CC}.Release|x86.ActiveCfg = Release|x86
		{2E413DE6-31B1-4D07-B2BC-6EFC5F0488CC}.Release|x86.Build.0 = Release|x86
		{23FF5E31-AFC4-4BFF-B0C3-4AFDC73ED40D}.Debug|ARM.ActiveCfg = Debug|ARM
		{23FF5E31-AFC4-4BFF-B0C3-4AFDC73ED40D}.Debug|ARM.Build.0 = Debug|ARM
		{23FF5E31-AFC4-4BFF-B0C3-4AFDC73ED40D}.Debug|ARM64.ActiveCfg = Debug|ARM64
		{23FF5E31-AFC4-4BFF-B0C3-4AFDC73ED40D}.Debug|ARM64.Build.0 = Debug|ARM64
		{23FF5E31-AFC4-4BFF-B0C3-4AFDC73ED40D}.Debug|x64.ActiveCfg = Debug|x64
		{23FF5E31-AFC4-4BFF-B0C3-4AFDC73ED40D}.Debug|x64.Build.0 = Debug|x64
		{23FF5E31-AFC4-4BFF-B0C3-4AFDC73ED40D}.Debug|x86.ActiveCfg = Debug|x86
		{23FF5E31-AFC4-4BFF-B0C3-4AFDC73ED40D}.Debug|x86.Build.0 = Debug|x86
		{23FF5E31-AFC4-4BFF-B0C3-4AFDC73ED40D}.Release|ARM.ActiveCfg = Release|ARM
		{23FF5E31-AFC4-4BFF-B0C3-4AFDC73ED40D}.Release|ARM.Build.0 = Release|ARM
		{23FF5E31-AFC4-4BFF-B0C3-4AFDC73ED40D}.Release|ARM64.ActiveCfg = Release|ARM64
		{23FF5E31-AFC4-4BFF-B0C3-4AFDC73ED40D}.Release|ARM64.Build.0 = Release|ARM64
		{23FF5E31-AFC4-4BFF-B0C3-4AFDC73ED40D}.Release|x64.ActiveCfg = Release|x64
		{23FF5E31-AFC4-4BFF-B0C3-4AFDC73ED40D}.Release|x64.Build.0 = Release|x64
		{23FF5E31-AFC4-4BFF-B0C3-4AFDC73ED40D}.Release|x86.ActiveCfg = Release|x86
		{23FF5E31-AFC4-4BFF-B0C3-4AFDC73ED40D}.Release|x86.Build.0 = Release|x86
		{712FA6EB-5892-4FD7-B472-3C41846CC6CC}.Debug|ARM.ActiveCfg = Debug|ARM
		{712FA6EB-5892-4FD7-B472-3C41846CC6CC}.Debug|ARM.Build.0 = Debug|ARM
		{712FA6EB-5892-4FD7-B472-3C41846CC6CC}.Debug|ARM64.ActiveCfg = Debug|ARM64
		{712FA6EB-5892-4FD7-B472-3C41846CC6CC}.Debug|ARM64.Build.0 = Debug|ARM64
		{712FA6EB-5892-4FD7-B472-3C41846CC6CC}.Debug|x64.ActiveCfg = Debug|x64
		{712FA6EB-5892-4FD7-B472-3C41846CC6CC}.Debug|x64.Build.0 = Debug|x64
		{712FA6EB-5892-4FD7-B472-3C41846CC6CC}.Debug|x86.ActiveCfg = Debug|x86
		{712FA6EB-5892-4FD7-B472-3C41846CC6CC}.Debug|x86.Build.0 = Debug|x86
		{712FA6EB-5892-4FD7-B472-3C41846CC6CC}.Release|ARM.ActiveCfg = Release|ARM
		{712FA6EB-5892-4FD7-B472-3C41846CC6CC}.Release|ARM.Build.0 = Release|ARM
		{712FA6EB-5892-4FD7-B472-3C41846CC6CC}.Release|ARM64.ActiveCfg = Release|ARM64
		{712FA6EB-5892-4FD7-B472-3C41846CC6CC}.Release|ARM64.Build.0 = Release|ARM64
		{712FA6EB-5892-4FD7-B472-3C41846CC6CC}.Release|x64.ActiveCfg = Release|x64
		{712FA6EB-5892-4FD7-B472-3C41846CC6CC}.Release|x64.Build.0 = Release|x64
		{712FA6EB-5892-4FD7-B472-3C41846CC6CC}.Release|x86.ActiveCfg = Release|x86
		{712FA6EB-5892-4FD7-B472-3C41846CC6CC}.Release|x86.Build.0 = Release|x86
	EndGlobalSection
	GlobalSection(SolutionProperties) = preSolution
		HideSolutionNode = FALSE
	EndGlobalSection
	GlobalSection(ExtensibilityGlobals) = postSolution
		SolutionGuid = {7D51E596-50B0-4FD1-9E96-CCE3A23BFBB8}
	EndGlobalSection
EndGlobal
